
Microsoft Visual Studio Solution File, Format Version 12.00
# Visual Studio 2013
VisualStudioVersion = 12.0.31101.0
MinimumVisualStudioVersion = 10.0.40219.1
Project("{FAE04EC0-301F-11D3-BF4B-00C04F79EFBC}") = "WebAppBase", "WebAppBase\WebAppBase.csproj", "{A69623D4-92E0-44C1-8702-1627F2EC561B}"
EndProject
Project("{FAE04EC0-301F-11D3-BF4B-00C04F79EFBC}") = "SharedUtilitys", "SharedUtilitys\SharedUtilitys.csproj", "{BEB81503-77C0-4308-B197-0B2A52220D16}"
EndProject
Project("{2150E333-8FDC-42A3-9474-1A3956D46DE8}") = "Strategies", "Strategies", "{9C3BAE2D-F4CD-4735-8264-C562099A671A}"
EndProject
Project("{2150E333-8FDC-42A3-9474-1A3956D46DE8}") = "Libraries", "Libraries", "{DBF1DF28-605A-4711-908D-2D19D60431DE}"
EndProject
Project("{FAE04EC0-301F-11D3-BF4B-00C04F79EFBC}") = "Pasys.Web.Identity", "Pasys.Web.Identity\Pasys.Web.Identity.csproj", "{2FB3C6A7-89BB-4048-A0AA-E7E1E3B01B93}"
EndProject
Global
	GlobalSection(SolutionConfigurationPlatforms) = preSolution
		Debug|Any CPU = Debug|Any CPU
		Release|Any CPU = Release|Any CPU
	EndGlobalSection
	GlobalSection(ProjectConfigurationPlatforms) = postSolution
		{A69623D4-92E0-44C1-8702-1627F2EC561B}.Debug|Any CPU.ActiveCfg = Debug|Any CPU
		{A69623D4-92E0-44C1-8702-1627F2EC561B}.Debug|Any CPU.Build.0 = Debug|Any CPU
		{A69623D4-92E0-44C1-8702-1627F2EC561B}.Release|Any CPU.ActiveCfg = Release|Any CPU
		{A69623D4-92E0-44C1-8702-1627F2EC561B}.Release|Any CPU.Build.0 = Release|Any CPU
		{BEB81503-77C0-4308-B197-0B2A52220D16}.Debug|Any CPU.ActiveCfg = Debug|Any CPU
		{BEB81503-77C0-4308-B197-0B2A52220D16}.Debug|Any CPU.Build.0 = Debug|Any CPU
		{BEB81503-77C0-4308-B197-0B2A52220D16}.Release|Any CPU.ActiveCfg = Release|Any CPU
		{BEB81503-77C0-4308-B197-0B2A52220D16}.Release|Any CPU.Build.0 = Release|Any CPU
		{2FB3C6A7-89BB-4048-A0AA-E7E1E3B01B93}.Debug|Any CPU.ActiveCfg = Debug|Any CPU
		{2FB3C6A7-89BB-4048-A0AA-E7E1E3B01B93}.Debug|Any CPU.Build.0 = Debug|Any CPU
		{2FB3C6A7-89BB-4048-A0AA-E7E1E3B01B93}.Release|Any CPU.ActiveCfg = Release|Any CPU
		{2FB3C6A7-89BB-4048-A0AA-E7E1E3B01B93}.Release|Any CPU.Build.0 = Release|Any CPU
	EndGlobalSection
	GlobalSection(SolutionProperties) = preSolution
		HideSolutionNode = FALSE
	EndGlobalSection
	GlobalSection(NestedProjects) = preSolution
		{2FB3C6A7-89BB-4048-A0AA-E7E1E3B01B93} = {DBF1DF28-605A-4711-908D-2D19D60431DE}
	EndGlobalSection
EndGlobal
